
Microsoft Visual Studio Solution File, Format Version 12.00
# Visual Studio Version 17
VisualStudioVersion = 17.14.36221.1
MinimumVisualStudioVersion = 10.0.40219.1
Project("{FAE04EC0-301F-11D3-BF4B-00C04F79EFBC}") = "References.Api", "References.Api\References.Api.csproj", "{0FACDE6C-AC19-4E89-8692-74753FB2635A}"
EndProject
Project("{FAE04EC0-301F-11D3-BF4B-00C04F79EFBC}") = "References.Test", "References.Test\References.Test.csproj", "{7B968EB7-0E8E-4D67-83C1-575A62109D5F}"
EndProject
Project("{2150E333-8FDC-42A3-9474-1A3956D46DE8}") = "Solution Items", "Solution Items", "{8EC462FD-D22E-90A8-E5CE-7E832BA40C5D}"
	ProjectSection(SolutionItems) = preProject
		docker-compose.yml = docker-compose.yml
	EndProjectSection
EndProject
Global
	GlobalSection(SolutionConfigurationPlatforms) = preSolution
		Debug|Any CPU = Debug|Any CPU
		Release|Any CPU = Release|Any CPU
	EndGlobalSection
	GlobalSection(ProjectConfigurationPlatforms) = postSolution
		{0FACDE6C-AC19-4E89-8692-74753FB2635A}.Debug|Any CPU.ActiveCfg = Debug|Any CPU
		{0FACDE6C-AC19-4E89-8692-74753FB2635A}.Debug|Any CPU.Build.0 = Debug|Any CPU
		{0FACDE6C-AC19-4E89-8692-74753FB2635A}.Release|Any CPU.ActiveCfg = Release|Any CPU
		{0FACDE6C-AC19-4E89-8692-74753FB2635A}.Release|Any CPU.Build.0 = Release|Any CPU
		{7B968EB7-0E8E-4D67-83C1-575A62109D5F}.Debug|Any CPU.ActiveCfg = Debug|Any CPU
		{7B968EB7-0E8E-4D67-83C1-575A62109D5F}.Debug|Any CPU.Build.0 = Debug|Any CPU
		{7B968EB7-0E8E-4D67-83C1-575A62109D5F}.Release|Any CPU.ActiveCfg = Release|Any CPU
		{7B968EB7-0E8E-4D67-83C1-575A62109D5F}.Release|Any CPU.Build.0 = Release|Any CPU
	EndGlobalSection
	GlobalSection(SolutionProperties) = preSolution
		HideSolutionNode = FALSE
	EndGlobalSection
	GlobalSection(ExtensibilityGlobals) = postSolution
		SolutionGuid = {ED65B6C6-0185-4D0F-BEAC-AB288B1F61ED}
	EndGlobalSection
EndGlobal
