
Microsoft Visual Studio Solution File, Format Version 12.00
# Visual Studio Version 17
VisualStudioVersion = 17.14.36221.1 d17.14
MinimumVisualStudioVersion = 10.0.40219.1
Project("{FAE04EC0-301F-11D3-BF4B-00C04F79EFBC}") = "Banking.Tests", "Banking.Tests\Banking.Tests.csproj", "{BF7C3AFA-AA43-4E40-AEA1-101FE7309CDE}"
EndProject
Project("{FAE04EC0-301F-11D3-BF4B-00C04F79EFBC}") = "Banking.Domain", "Banking.Domain\Banking.Domain.csproj", "{2264CD6F-F59B-4B19-B04D-B4EF955F94B8}"
EndProject
Global
	GlobalSection(SolutionConfigurationPlatforms) = preSolution
		Debug|Any CPU = Debug|Any CPU
		Release|Any CPU = Release|Any CPU
	EndGlobalSection
	GlobalSection(ProjectConfigurationPlatforms) = postSolution
		{BF7C3AFA-AA43-4E40-AEA1-101FE7309CDE}.Debug|Any CPU.ActiveCfg = Debug|Any CPU
		{BF7C3AFA-AA43-4E40-AEA1-101FE7309CDE}.Debug|Any CPU.Build.0 = Debug|Any CPU
		{BF7C3AFA-AA43-4E40-AEA1-101FE7309CDE}.Release|Any CPU.ActiveCfg = Release|Any CPU
		{BF7C3AFA-AA43-4E40-AEA1-101FE7309CDE}.Release|Any CPU.Build.0 = Release|Any CPU
		{2264CD6F-F59B-4B19-B04D-B4EF955F94B8}.Debug|Any CPU.ActiveCfg = Debug|Any CPU
		{2264CD6F-F59B-4B19-B04D-B4EF955F94B8}.Debug|Any CPU.Build.0 = Debug|Any CPU
		{2264CD6F-F59B-4B19-B04D-B4EF955F94B8}.Release|Any CPU.ActiveCfg = Release|Any CPU
		{2264CD6F-F59B-4B19-B04D-B4EF955F94B8}.Release|Any CPU.Build.0 = Release|Any CPU
	EndGlobalSection
	GlobalSection(SolutionProperties) = preSolution
		HideSolutionNode = FALSE
	EndGlobalSection
	GlobalSection(ExtensibilityGlobals) = postSolution
		SolutionGuid = {2D3258E9-B74E-41BA-B4A6-03854DC76882}
	EndGlobalSection
EndGlobal
